hash: de28ea27e3cc2fb6a4355fc5e89cbe00285896e88a641c8fc466fd747a8e0d0b
updated: 2017-05-08T02:25:11.444774259-07:00
imports:
- name: github.com/Pallinder/go-randomdata
  version: 8c3362a5e6781e0d1046f1267b3c1f19b2cde334
- name: github.com/satori/go.uuid
  version: 879c5887cd475cd7864858769793b2ceb0d44feb
testImports: []
